
Microsoft Visual Studio Solution File, Format Version 12.00
# Visual Studio Version 16
VisualStudioVersion = 16.0.31005.135
MinimumVisualStudioVersion = 10.0.40219.1
Project("{FAE04EC0-301F-11D3-BF4B-00C04F79EFBC}") = "GOG", "GOG\GOG.csproj", "{0523B0F2-BA96-4FFD-AFB7-E2395192E4DD}"
EndProject
Project("{FAE04EC0-301F-11D3-BF4B-00C04F79EFBC}") = "GOGTest", "GOGTest\GOGTest.csproj", "{C1CECB41-0F0F-45CC-A45B-292ABABE2CE6}"
EndProject
Global
	GlobalSection(SolutionConfigurationPlatforms) = preSolution
		Debug|Any CPU = Debug|Any CPU
		Release|Any CPU = Release|Any CPU
	EndGlobalSection
	GlobalSection(ProjectConfigurationPlatforms) = postSolution
		{0523B0F2-BA96-4FFD-AFB7-E2395192E4DD}.Debug|Any CPU.ActiveCfg = Debug|Any CPU
		{0523B0F2-BA96-4FFD-AFB7-E2395192E4DD}.Debug|Any CPU.Build.0 = Debug|Any CPU
		{0523B0F2-BA96-4FFD-AFB7-E2395192E4DD}.Release|Any CPU.ActiveCfg = Release|Any CPU
		{0523B0F2-BA96-4FFD-AFB7-E2395192E4DD}.Release|Any CPU.Build.0 = Release|Any CPU
		{C1CECB41-0F0F-45CC-A45B-292ABABE2CE6}.Debug|Any CPU.ActiveCfg = Debug|Any CPU
		{C1CECB41-0F0F-45CC-A45B-292ABABE2CE6}.Debug|Any CPU.Build.0 = Debug|Any CPU
		{C1CECB41-0F0F-45CC-A45B-292ABABE2CE6}.Release|Any CPU.ActiveCfg = Release|Any CPU
		{C1CECB41-0F0F-45CC-A45B-292ABABE2CE6}.Release|Any CPU.Build.0 = Release|Any CPU
	EndGlobalSection
	GlobalSection(SolutionProperties) = preSolution
		HideSolutionNode = FALSE
	EndGlobalSection
	GlobalSection(ExtensibilityGlobals) = postSolution
		SolutionGuid = {74CBF7F2-F24F-4938-B951-434566EEDE4B}
	EndGlobalSection
EndGlobal
